
Microsoft Visual Studio Solution File, Format Version 12.00
# Visual Studio Version 17
VisualStudioVersion = 17.10.35027.167
MinimumVisualStudioVersion = 10.0.40219.1
Project("{FAE04EC0-301F-11D3-BF4B-00C04F79EFBC}") = "MeterReadingApplication", "MeterReadingApplication\MeterReadingApplication.csproj", "{4654387A-0CBC-47C0-9661-1C846F1C6F0B}"
EndProject
Global
	GlobalSection(SolutionConfigurationPlatforms) = preSolution
		Debug|Any CPU = Debug|Any CPU
		Release|Any CPU = Release|Any CPU
	EndGlobalSection
	GlobalSection(ProjectConfigurationPlatforms) = postSolution
		{4654387A-0CBC-47C0-9661-1C846F1C6F0B}.Debug|Any CPU.ActiveCfg = Debug|Any CPU
		{4654387A-0CBC-47C0-9661-1C846F1C6F0B}.Debug|Any CPU.Build.0 = Debug|Any CPU
		{4654387A-0CBC-47C0-9661-1C846F1C6F0B}.Release|Any CPU.ActiveCfg = Release|Any CPU
		{4654387A-0CBC-47C0-9661-1C846F1C6F0B}.Release|Any CPU.Build.0 = Release|Any CPU
	EndGlobalSection
	GlobalSection(SolutionProperties) = preSolution
		HideSolutionNode = FALSE
	EndGlobalSection
	GlobalSection(ExtensibilityGlobals) = postSolution
		SolutionGuid = {A00F2580-2A7C-4170-867C-74725762DB8D}
	EndGlobalSection
EndGlobal
